{
    "hash": "39319fc925b41e2d8f19ad7e0bf63043",
    "packages": [
        {
            "name": "beberlei/DoctrineExtensions",
            "version": "dev-master",
            "source": {
                "type": "git",
                "url": "https://github.com/beberlei/DoctrineExtensions.git",
                "reference": "v0.1"
            },
            "dist": {
                "type": "zip",
                "url": "https://github.com/beberlei/DoctrineExtensions/zipball/v0.1",
                "reference": "v0.1",
                "shasum": ""
            },
            "require": {
                "doctrine/orm": "*"
            },
            "time": "2012-05-16 07:04:34",
            "type": "library",
            "installation-source": "source",
            "autoload": {
                "psr-0": {
                    "DoctrineExtensions": "lib/"
                }
            }
        },
        {
            "name": "doctrine/common",
            "version": "2.3.0",
            "source": {
                "type": "git",
                "url": "https://github.com/doctrine/common",
                "reference": "2.3.0"
            },
            "dist": {
                "type": "zip",
                "url": "https://github.com/doctrine/common/zipball/2.3.0",
                "reference": "2.3.0",
                "shasum": ""
            },
            "require": {
                "php": ">=5.3.2"
            },
            "time": "2012-09-19 22:55:18",
            "type": "library",
            "extra": {
                "branch-alias": {
                    "dev-master": "2.3.x-dev"
                }
            },
            "installation-source": "dist",
            "autoload": {
                "psr-0": {
                    "Doctrine\\Common": "lib/"
                }
            },
            "license": [
                "MIT"
            ],
            "authors": [
                {
                    "name": "Jonathan Wage",
                    "email": "jonwage@gmail.com",
                    "homepage": "http://www.jwage.com/"
                },
                {
                    "name": "Guilherme Blanco",
                    "email": "guilhermeblanco@gmail.com",
                    "homepage": "http://www.instaclick.com"
                },
                {
                    "name": "Roman Borschel",
                    "email": "roman@code-factory.org"
                },
                {
                    "name": "Benjamin Eberlei",
                    "email": "kontakt@beberlei.de"
                },
                {
                    "name": "Johannes M. Schmitt",
                    "email": "schmittjoh@gmail.com",
                    "homepage": "http://jmsyst.com",
                    "role": "Developer of wrapped JMSSerializerBundle"
                }
            ],
            "description": "Common Library for Doctrine projects",
            "homepage": "http://www.doctrine-project.org",
            "keywords": [
                "collections",
                "spl",
                "eventmanager",
                "annotations",
                "persistence"
            ]
        },
        {
            "name": "doctrine/dbal",
            "version": "2.3.0",
            "source": {
                "type": "git",
                "url": "https://github.com/doctrine/dbal",
                "reference": "2.3.0"
            },
            "dist": {
                "type": "zip",
                "url": "https://github.com/doctrine/dbal/zipball/2.3.0",
                "reference": "2.3.0",
                "shasum": ""
            },
            "require": {
                "php": ">=5.3.2",
                "doctrine/common": "2.3.*"
            },
            "time": "2012-09-19 22:56:37",
            "type": "library",
            "extra": {
                "branch-alias": {
                    "dev-master": "2.3.x-dev"
                }
            },
            "installation-source": "dist",
            "autoload": {
                "psr-0": {
                    "Doctrine\\DBAL": "lib/"
                }
            },
            "license": [
                "MIT"
            ],
            "authors": [
                {
                    "name": "Jonathan Wage",
                    "email": "jonwage@gmail.com",
                    "homepage": "http://www.jwage.com/"
                },
                {
                    "name": "Guilherme Blanco",
                    "email": "guilhermeblanco@gmail.com",
                    "homepage": "http://www.instaclick.com"
                },
                {
                    "name": "Roman Borschel",
                    "email": "roman@code-factory.org"
                },
                {
                    "name": "Benjamin Eberlei",
                    "email": "kontakt@beberlei.de"
                }
            ],
            "description": "Database Abstraction Layer",
            "homepage": "http://www.doctrine-project.org",
            "keywords": [
                "database",
                "persistence",
                "dbal",
                "queryobject"
            ]
        },
        {
            "name": "doctrine/migrations",
            "version": "dev-master",
            "source": {
                "type": "git",
                "url": "https://github.com/doctrine/migrations",
                "reference": "c1d875ce7d092dd1bc7508c3867b5c6b97431e43"
            },
            "dist": {
                "type": "zip",
                "url": "https://github.com/doctrine/migrations/zipball/c1d875ce7d092dd1bc7508c3867b5c6b97431e43",
                "reference": "c1d875ce7d092dd1bc7508c3867b5c6b97431e43",
                "shasum": ""
            },
            "require": {
                "php": ">=5.3.2",
                "doctrine/dbal": ">=2.0,<2.5.x-dev"
            },
            "require-dev": {
                "symfony/console": "2.*",
                "symfony/yaml": "2.*"
            },
            "suggest": {
                "symfony/console": "to run the migration from the console"
            },
            "type": "library",
            "installation-source": "source",
            "autoload": {
                "psr-0": {
                    "Doctrine\\DBAL\\Migrations": "lib"
                }
            },
            "license": [
                "LGPL"
            ],
            "authors": [
                {
                    "name": "Jonathan Wage",
                    "email": "jonwage@gmail.com",
                    "homepage": "http://www.jwage.com/"
                },
                {
                    "name": "Benjamin Eberlei",
                    "email": "kontakt@beberlei.de"
                }
            ],
            "description": "Database Schema migrations using Doctrine DBAL",
            "homepage": "http://www.doctrine-project.org",
            "keywords": [
                "database",
                "migrations"
            ],
            "time": "2012-10-19 10:37:24"
        },
        {
            "name": "doctrine/orm",
            "version": "2.3.0",
            "source": {
                "type": "git",
                "url": "git://github.com/doctrine/doctrine2.git",
                "reference": "2.3.0"
            },
            "dist": {
                "type": "zip",
                "url": "https://github.com/doctrine/doctrine2/zipball/2.3.0",
                "reference": "2.3.0",
                "shasum": ""
            },
            "require": {
                "php": ">=5.3.2",
                "ext-pdo": "*",
                "doctrine/dbal": "2.3.*",
                "symfony/console": "2.*"
            },
            "suggest": {
                "symfony/yaml": "If you want to use YAML Metadata Mapping Driver"
            },
            "time": "2012-09-19 23:03:34",
            "bin": [
                "bin/doctrine",
                "bin/doctrine.php"
            ],
            "type": "library",
            "extra": {
                "branch-alias": {
                    "dev-master": "2.3.x-dev"
                }
            },
            "installation-source": "dist",
            "autoload": {
                "psr-0": {
                    "Doctrine\\ORM": "lib/"
                }
            },
            "license": [
                "MIT"
            ],
            "authors": [
                {
                    "name": "Jonathan Wage",
                    "email": "jonwage@gmail.com",
                    "homepage": "http://www.jwage.com/"
                },
                {
                    "name": "Guilherme Blanco",
                    "email": "guilhermeblanco@gmail.com",
                    "homepage": "http://www.instaclick.com"
                },
                {
                    "name": "Roman Borschel",
                    "email": "roman@code-factory.org"
                },
                {
                    "name": "Benjamin Eberlei",
                    "email": "kontakt@beberlei.de"
                }
            ],
            "description": "Object-Relational-Mapper for PHP",
            "homepage": "http://www.doctrine-project.org",
            "keywords": [
                "database",
                "orm"
            ]
        },
        {
            "name": "firephp/firephp-core",
            "version": "dev-master",
            "source": {
                "type": "git",
                "url": "https://github.com/RobLoach/firephp-core",
                "reference": "c26d972dcb28fd483fa193512091df7b3c85e450"
            },
            "dist": {
                "type": "zip",
                "url": "https://github.com/RobLoach/firephp-core/zipball/c26d972dcb28fd483fa193512091df7b3c85e450",
                "reference": "c26d972dcb28fd483fa193512091df7b3c85e450",
                "shasum": ""
            },
            "type": "library",
            "installation-source": "source",
            "autoload": {
                "classmap": [
                    "lib/FirePHPCore/FirePHP.class.php",
                    "lib/FirePHPCore/fb.php"
                ]
            },
            "license": [
                "MIT"
            ],
            "authors": [
                {
                    "name": "Christoph Dorn",
                    "email": "christoph@christophdorn.com",
                    "homepage": "christophdorn.com"
                }
            ],
            "description": "Traditional FirePHPCore library for sending PHP variables to the browser.",
            "homepage": "https://github.com/firephp/firephp-core",
            "time": "2012-05-29 00:08:14"
        },
        {
            "name": "gedmo/doctrine-extensions",
            "version": "dev-master",
            "source": {
                "type": "git",
                "url": "git://github.com/l3pp4rd/DoctrineExtensions.git",
                "reference": "b62943d0629acda07e4faca7b0b3f6d6b1870807"
            },
            "dist": {
                "type": "zip",
                "url": "https://github.com/l3pp4rd/DoctrineExtensions/archive/b62943d0629acda07e4faca7b0b3f6d6b1870807.zip",
                "reference": "b62943d0629acda07e4faca7b0b3f6d6b1870807",
                "shasum": ""
            },
            "require": {
                "php": ">=5.3.2",
                "doctrine/common": ">=2.2,<2.5-dev"
            },
            "suggest": {
                "doctrine/orm": ">=2.1",
                "doctrine/mongodb-odm": "*"
            },
            "time": "2012-11-29 19:40:27",
            "type": "library",
            "extra": {
                "branch-alias": {
                    "dev-master": "2.3.x-dev"
                }
            },
            "installation-source": "source",
            "autoload": {
                "psr-0": {
                    "Gedmo": "lib/"
                }
            },
            "notification-url": "http://packagist.org/downloads/",
            "license": [
                "MIT"
            ],
            "authors": [
                {
                    "name": "Gediminas Morkevicius",
                    "email": "gediminas.morkevicius@gmail.com"
                }
            ],
            "description": "Doctrine2 behavioral extensions",
            "homepage": "http://gediminasm.org/",
            "keywords": [
                "tree",
                "behaviors",
                "doctrine2",
                "extensions",
                "gedmo",
                "sluggable",
                "loggable",
                "translatable",
                "nestedset",
                "sortable",
                "timestampable"
            ]
        },
        {
            "name": "ksst/kf",
            "version": "dev-master",
            "source": {
                "type": "git",
                "url": "https://github.com/KSST/KF.git",
                "reference": "0c333c4468e777a831dc421e8031f6b18c285c06"
            },
            "dist": {
                "type": "zip",
                "url": "https://github.com/KSST/KF/archive/0c333c4468e777a831dc421e8031f6b18c285c06.zip",
                "reference": "0c333c4468e777a831dc421e8031f6b18c285c06",
                "shasum": ""
            },
            "require": {
                "php": ">=5.3.3",
                "doctrine/orm": "2.3.0",
                "doctrine/dbal": "2.3.0",
                "doctrine/common": "2.3.0",
                "doctrine/migrations": "dev-master",
                "beberlei/doctrineextensions": "dev-master",
                "gedmo/doctrine-extensions": "dev-master",
                "firephp/firephp-core": "dev-master",
                "php-gettext/php-gettext": "1.0.11",
                "simplepie/simplepie": "dev-master",
                "smarty/smarty": "v3.1.12",
                "swiftmailer/swiftmailer": "v4.2.2",
                "marijnh/codemirror": "2.35",
                "mpdf/mpdf": "dev-master",
                "tcpdf/tcpdf": "dev-master"
            },
            "require-dev": {
                "mikey179/vfsstream": "*",
                "phpunit/phpunit": "3.7.*"
            },
            "suggest": {
                "ext-apc": "*",
                "ext-gettext": "*",
                "ext-intl": "*",
                "ext-json": "*",
                "ext-mbstring": "*",
                "ext-yaml": "*"
            },
            "time": "2012-12-01 13:24:03",
            "type": "library",
            "installation-source": "source",
            "autoload": {
                "psr-0": {
                    "Koch\\": "framework/",
                    "KochTest\\": "tests/"
                }
            },
            "notification-url": "http://packagist.org/downloads/",
            "license": [
                "GPL-2.0+"
            ],
            "authors": [
                {
                    "name": "Jens-André Koch",
                    "email": "jakoch@web.de"
                }
            ],
            "description": "Koch Framework",
            "keywords": [
                "framework",
                "cms",
                "cmf",
                "full-stack"
            ]
        },
        {
            "name": "marijnh/CodeMirror",
            "version": "2.35",
            "dist": {
                "type": "zip",
                "url": "http://codemirror.net/codemirror-2.35.zip",
                "reference": null,
                "shasum": null
            },
            "type": "library",
            "installation-source": "dist"
        },
        {
            "name": "mpdf/mpdf",
            "version": "dev-master",
            "source": {
                "type": "git",
                "url": "https://github.com/finwe/mpdf.git",
                "reference": "v5.5.1"
            },
            "dist": {
                "type": "zip",
                "url": "https://github.com/finwe/mpdf/archive/v5.5.1.zip",
                "reference": "v5.5.1",
                "shasum": ""
            },
            "require": {
                "php": ">=4.3.10"
            },
            "time": "2012-11-20 20:28:17",
            "type": "library",
            "installation-source": "source",
            "autoload": {
                "classmap": [
                    "mpdf.php",
                    "classes"
                ]
            },
            "license": [
                "GPL-1.0+"
            ],
            "authors": [
                {
                    "name": "Ian Back"
                }
            ],
            "description": "A PHP class to generate PDF files from HTML with Unicode/UTF-8 and CJK support",
            "homepage": "http://www.mpdf1.com/mpdf/index.php",
            "keywords": [
                "php",
                "pdf",
                "utf-8"
            ]
        },
        {
            "name": "php-gettext/php-gettext",
            "version": "1.0.11",
            "dist": {
                "type": "tar",
                "url": "http://launchpadlibrarian.net/61225817/php-gettext-1.0.11.tar.gz",
                "reference": null,
                "shasum": null
            },
            "type": "library",
            "installation-source": "dist",
            "autoload": {
                "classmap": [
                    "gettext.php",
                    "streams.php"
                ]
            }
        },
        {
            "name": "simplepie/simplepie",
            "version": "dev-master",
            "source": {
                "type": "git",
                "url": "https://github.com/simplepie/simplepie.git",
                "reference": "6daad6d2c340af5a5073c4e5dccd675902d9336f"
            },
            "dist": {
                "type": "zip",
                "url": "https://github.com/simplepie/simplepie/archive/6daad6d2c340af5a5073c4e5dccd675902d9336f.zip",
                "reference": "6daad6d2c340af5a5073c4e5dccd675902d9336f",
                "shasum": ""
            },
            "require": {
                "php": ">=5.2.0"
            },
            "time": "2012-12-01 04:35:46",
            "type": "library",
            "installation-source": "source",
            "autoload": {
                "psr-0": {
                    "SimplePie": "library"
                }
            },
            "notification-url": "http://packagist.org/downloads/",
            "license": [
                "BSD-3-Clause"
            ],
            "authors": [
                {
                    "name": "Ryan Parman",
                    "homepage": "http://ryanparman.com/",
                    "role": "Creator, alumnus developer"
                },
                {
                    "name": "Geoffrey Sneddon",
                    "homepage": "http://gsnedders.com/",
                    "role": "Alumnus developer"
                },
                {
                    "name": "Ryan McCue",
                    "email": "me@ryanmccue.info",
                    "homepage": "http://ryanmccue.info/",
                    "role": "Developer"
                }
            ],
            "description": "A simple Atom/RSS parsing library for PHP",
            "homepage": "http://simplepie.org/",
            "keywords": [
                "atom",
                "rss",
                "feeds"
            ]
        },
        {
            "name": "smarty/smarty",
            "version": "v3.1.12",
            "source": {
                "type": "svn",
                "url": "http://smarty-php.googlecode.com/svn",
                "reference": "/tags/v3.1.12/@4664"
            },
            "require": {
                "php": ">=5.2"
            },
            "time": "2012-09-25 22:13:16",
            "type": "library",
            "installation-source": "source",
            "autoload": {
                "classmap": [
                    "distribution/libs/Smarty.class.php"
                ]
            },
            "license": [
                "LGPL-3.0"
            ],
            "authors": [
                {
                    "name": "Monte Ohrt",
                    "email": "monte@ohrt.com"
                },
                {
                    "name": "Uwe Tews",
                    "email": "uwe.tews@googlemail.com"
                },
                {
                    "name": "Rodney Rehm",
                    "email": "rodney.rehm@medialize.de"
                }
            ],
            "description": "Smarty - the compiling PHP template engine",
            "homepage": "http://www.smarty.net",
            "keywords": [
                "templating"
            ]
        },
        {
            "name": "swiftmailer/swiftmailer",
            "version": "v4.2.2",
            "source": {
                "type": "git",
                "url": "git://github.com/swiftmailer/swiftmailer.git",
                "reference": "v4.2.2"
            },
            "dist": {
                "type": "zip",
                "url": "https://github.com/swiftmailer/swiftmailer/zipball/v4.2.2",
                "reference": "v4.2.2",
                "shasum": ""
            },
            "require": {
                "php": ">=5.2.4"
            },
            "time": "2012-10-25 01:30:40",
            "type": "library",
            "extra": {
                "branch-alias": {
                    "dev-master": "4.2-dev"
                }
            },
            "installation-source": "dist",
            "autoload": {
                "files": [
                    "lib/swift_required.php"
                ]
            },
            "license": [
                "LGPL"
            ],
            "authors": [
                {
                    "name": "Fabien Potencier",
                    "email": "fabien@symfony.com"
                },
                {
                    "name": "Chris Corbyn"
                }
            ],
            "description": "Swiftmailer, free feature-rich PHP mailer",
            "homepage": "http://swiftmailer.org",
            "keywords": [
                "mail",
                "mailer"
            ]
        },
        {
            "name": "symfony/console",
            "version": "dev-master",
            "target-dir": "Symfony/Component/Console",
            "source": {
                "type": "git",
                "url": "https://github.com/symfony/Console",
                "reference": "003a487a674175a1d2e62f205ecd91ffe85554b1"
            },
            "dist": {
                "type": "zip",
                "url": "https://github.com/symfony/Console/archive/003a487a674175a1d2e62f205ecd91ffe85554b1.zip",
                "reference": "003a487a674175a1d2e62f205ecd91ffe85554b1",
                "shasum": ""
            },
            "require": {
                "php": ">=5.3.3"
            },
            "time": "2012-11-19 12:58:52",
            "type": "library",
            "extra": {
                "branch-alias": {
                    "dev-master": "2.2-dev"
                }
            },
            "installation-source": "source",
            "autoload": {
                "psr-0": {
                    "Symfony\\Component\\Console\\": ""
                }
            },
            "license": [
                "MIT"
            ],
            "authors": [
                {
                    "name": "Fabien Potencier",
                    "email": "fabien@symfony.com"
                },
                {
                    "name": "Symfony Community",
                    "homepage": "http://symfony.com/contributors"
                }
            ],
            "description": "Symfony Console Component",
            "homepage": "http://symfony.com"
        },
        {
            "name": "tcpdf/tcpdf",
            "version": "dev-master",
            "source": {
                "type": "git",
                "url": "git://tcpdf.git.sourceforge.net/gitroot/tcpdf/tcpdf",
                "reference": "f2aa41dd8252ad6321bad88776889b75b127a60c"
            },
            "require": {
                "php": ">=5.3.0"
            },
            "time": "2012-09-25 18:17:00",
            "type": "library",
            "installation-source": "source",
            "autoload": {
                "classmap": [
                    "fonts",
                    "config/lang",
                    "config",
                    "2dbarcodes.php",
                    "barcodes.php",
                    "datamatrix.php",
                    "encodings_maps.php",
                    "htmlcolors.php",
                    "pdf417.php",
                    "qrcode.php",
                    "spotcolors.php",
                    "tcpdf.php",
                    "tcpdf_filters.php",
                    "tcpdf_parser.php",
                    "unicode_data.php"
                ]
            },
            "license": [
                "LGPLv3"
            ],
            "authors": [
                {
                    "name": "Nicola Asuni",
                    "email": "info@tecnick.com",
                    "homepage": "http://nicolaasuni.tecnick.com"
                }
            ],
            "description": "TCPDF is a PHP class for generating PDF documents.",
            "homepage": "http://www.tcpdf.org/",
            "keywords": [
                "pdf",
                "TCPDF",
                "qrcode",
                "PDFD32000-2008",
                "datamatrix",
                "pdf417",
                "barcodes"
            ]
        }
    ],
    "packages-dev": null,
    "aliases": [

    ],
    "minimum-stability": "dev",
    "stability-flags": {
        "ksst/kf": 20
    }
}
